// !$*UTF8*$!
{
	archiveVersion = 1;
	classes = {
	};
	objectVersion = 46;
	objects = {

/* Begin PBXBuildFile section */
		04046DB11C16365000358594 /* WordSearchViewController.swift in Sources */ = {isa = PBXBuildFile; fileRef = 04046DB01C16365000358594 /* WordSearchViewController.swift */; settings = {ASSET_TAGS = (); }; };
		04DC9E7E1C151771008C3BCF /* AppDelegate.swift in Sources */ = {isa = PBXBuildFile; fileRef = 04DC9E7D1C151771008C3BCF /* AppDelegate.swift */; };
		04DC9E801C151771008C3BCF /* ViewController.swift in Sources */ = {isa = PBXBuildFile; fileRef = 04DC9E7F1C151771008C3BCF /* ViewController.swift */; };
		04DC9E831C151771008C3BCF /* Main.storyboard in Resources */ = {isa = PBXBuildFile; fileRef = 04DC9E811C151771008C3BCF /* Main.storyboard */; };
		04DC9E851C151771008C3BCF /* Assets.xcassets in Resources */ = {isa = PBXBuildFile; fileRef = 04DC9E841C151771008C3BCF /* Assets.xcassets */; };
		04DC9E881C151771008C3BCF /* LaunchScreen.storyboard in Resources */ = {isa = PBXBuildFile; fileRef = 04DC9E861C151771008C3BCF /* LaunchScreen.storyboard */; };
		04DC9E901C154D50008C3BCF /* WordSearch.swift in Sources */ = {isa = PBXBuildFile; fileRef = 04DC9E8F1C154D50008C3BCF /* WordSearch.swift */; settings = {ASSET_TAGS = (); }; };
/* End PBXBuildFile section */

/* Begin PBXFileReference section */
		04046DB01C16365000358594 /* WordSearchViewController.swift */ = {isa = PBXFileReference; fileEncoding = 4; lastKnownFileType = sourcecode.swift; path = WordSearchViewController.swift; sourceTree = "<group>"; };
		04DC9E7A1C151771008C3BCF /* WordSearch.app */ = {isa = PBXFileReference; explicitFileType = wrapper.application; includeInIndex = 0; path = WordSearch.app; sourceTree = BUILT_PRODUCTS_DIR; };
		04DC9E7D1C151771008C3BCF /* AppDelegate.swift */ = {isa = PBXFileReference; lastKnownFileType = sourcecode.swift; path = AppDelegate.swift; sourceTree = "<group>"; };
		04DC9E7F1C151771008C3BCF /* ViewController.swift */ = {isa = PBXFileReference; lastKnownFileType = sourcecode.swift; path = ViewController.swift; sourceTree = "<group>"; };
		04DC9E821C151771008C3BCF /* Base */ = {isa = PBXFileReference; lastKnownFileType = file.storyboard; name = Base; path = Base.lproj/Main.storyboard; sourceTree = "<group>"; };
		04DC9E841C151771008C3BCF /* Assets.xcassets */ = {isa = PBXFileReference; lastKnownFileType = folder.assetcatalog; path = Assets.xcassets; sourceTree = "<group>"; };
		04DC9E871C151771008C3BCF /* Base */ = {isa = PBXFileReference; lastKnownFileType = file.storyboard; name = Base; path = Base.lproj/LaunchScreen.storyboard; sourceTree = "<group>"; };
		04DC9E891C151771008C3BCF /* Info.plist */ = {isa = PBXFileReference; lastKnownFileType = text.plist.xml; path = Info.plist; sourceTree = "<group>"; };
		04DC9E8F1C154D50008C3BCF /* WordSearch.swift */ = {isa = PBXFileReference; fileEncoding = 4; lastKnownFileType = sourcecode.swift; path = WordSearch.swift; sourceTree = "<group>"; };
/* End PBXFileReference section */

/* Begin PBXFrameworksBuildPhase section */
		04DC9E771C151771008C3BCF /* Frameworks */ = {
			isa = PBXFrameworksBuildPhase;
			buildActionMask = 2147483647;
			files = (
			);
			runOnlyForDeploymentPostprocessing = 0;
		};
/* End PBXFrameworksBuildPhase section */

/* Begin PBXGroup section */
		04DC9E711C151771008C3BCF = {
			isa = PBXGroup;
			children = (
				04DC9E7C1C151771008C3BCF /* WordSearch */,
				04DC9E7B1C151771008C3BCF /* Products */,
			);
			sourceTree = "<group>";
		};
		04DC9E7B1C151771008C3BCF /* Products */ = {
			isa = PBXGroup;
			children = (
				04DC9E7A1C151771008C3BCF /* WordSearch.app */,
			);
			name = Products;
			sourceTree = "<group>";
		};
		04DC9E7C1C151771008C3BCF /* WordSearch */ = {
			isa = PBXGroup;
			children = (
				04DC9E7D1C151771008C3BCF /* AppDelegate.swift */,
				04DC9E7F1C151771008C3BCF /* ViewController.swift */,
				04DC9E811C151771008C3BCF /* Main.storyboard */,
				04DC9E841C151771008C3BCF /* Assets.xcassets */,
				04DC9E861C151771008C3BCF /* LaunchScreen.storyboard */,
				04DC9E891C151771008C3BCF /* Info.plist */,
				04DC9E8F1C154D50008C3BCF /* WordSearch.swift */,
				04046DB01C16365000358594 /* WordSearchViewController.swift */,
			);
			path = WordSearch;
			sourceTree = "<group>";
		};
/* End PBXGroup section */

/* Begin PBXNativeTarget section */
		04DC9E791C151771008C3BCF /* WordSearch */ = {
			isa = PBXNativeTarget;
			buildConfigurationList = 04DC9E8C1C151771008C3BCF /* Build configuration list for PBXNativeTarget "WordSearch" */;
			buildPhases = (
				04DC9E761C151771008C3BCF /* Sources */,
				04DC9E771C151771008C3BCF /* Frameworks */,
				04DC9E781C151771008C3BCF /* Resources */,
			);
			buildRules = (
			);
			dependencies = (
			);
			name = WordSearch;
			productName = WordSearch;
			productReference = 04DC9E7A1C151771008C3BCF /* WordSearch.app */;
			productType = "com.apple.product-type.application";
		};
/* End PBXNativeTarget section */

/* Begin PBXProject section */
		04DC9E721C151771008C3BCF /* Project object */ = {
			isa = PBXProject;
			attributes = {
				LastUpgradeCheck = 0700;
				ORGANIZATIONNAME = "Adam Sebti";
				TargetAttributes = {
					04DC9E791C151771008C3BCF = {
						CreatedOnToolsVersion = 7.0;
						DevelopmentTeam = V24K22CT4G;
					};
				};
			};
			buildConfigurationList = 04DC9E751C151771008C3BCF /* Build configuration list for PBXProject "WordSearch" */;
			compatibilityVersion = "Xcode 3.2";
			developmentRegion = English;
			hasScannedForEncodings = 0;
			knownRegions = (
				en,
				Base,
			);
			mainGroup = 04DC9E711C151771008C3BCF;
			productRefGroup = 04DC9E7B1C151771008C3BCF /* Products */;
			projectDirPath = "";
			projectRoot = "";
			targets = (
				04DC9E791C151771008C3BCF /* WordSearch */,
			);
		};
/* End PBXProject section */

/* Begin PBXResourcesBuildPhase section */
		04DC9E781C151771008C3BCF /* Resources */ = {
			isa = PBXResourcesBuildPhase;
			buildActionMask = 2147483647;
			files = (
				04DC9E881C151771008C3BCF /* LaunchScreen.storyboard in Resources */,
				04DC9E851C151771008C3BCF /* Assets.xcassets in Resources */,
				04DC9E831C151771008C3BCF /* Main.storyboard in Resources */,
			);
			runOnlyForDeploymentPostprocessing = 0;
		};
/* End PBXResourcesBuildPhase section */

/* Begin PBXSourcesBuildPhase section */
		04DC9E761C151771008C3BCF /* Sources */ = {
			isa = PBXSourcesBuildPhase;
			buildActionMask = 2147483647;
			files = (
				04DC9E801C151771008C3BCF /* ViewController.swift in Sources */,
				04DC9E7E1C151771008C3BCF /* AppDelegate.swift in Sources */,
				04046DB11C16365000358594 /* WordSearchViewController.swift in Sources */,
				04DC9E901C154D50008C3BCF /* WordSearch.swift in Sources */,
			);
			runOnlyForDeploymentPostprocessing = 0;
		};
/* End PBXSourcesBuildPhase section */

/* Begin PBXVariantGroup section */
		04DC9E811C151771008C3BCF /* Main.storyboard */ = {
			isa = PBXVariantGroup;
			children = (
				04DC9E821C151771008C3BCF /* Base */,
			);
			name = Main.storyboard;
			sourceTree = "<group>";
		};
		04DC9E861C151771008C3BCF /* LaunchScreen.storyboard */ = {
			isa = PBXVariantGroup;
			children = (
				04DC9E871C151771008C3BCF /* Base */,
			);
			name = LaunchScreen.storyboard;
			sourceTree = "<group>";
		};
/* End PBXVariantGroup section */

/* Begin XCBuildConfiguration section */
		04DC9E8A1C151771008C3BCF /* Debug */ = {
			isa = XCBuildConfiguration;
			buildSettings = {
				ALWAYS_SEARCH_USER_PATHS = NO;
				CLANG_CXX_LANGUAGE_STANDARD = "gnu++0x";
				CLANG_CXX_LIBRARY = "libc++";
				CLANG_ENABLE_MODULES = YES;
				CLANG_ENABLE_OBJC_ARC = YES;
				CLANG_WARN_BOOL_CONVERSION = YES;
				CLANG_WARN_CONSTANT_CONVERSION = YES;
				CLANG_WARN_DIRECT_OBJC_ISA_USAGE = YES_ERROR;
				CLANG_WARN_EMPTY_BODY = YES;
				CLANG_WARN_ENUM_CONVERSION = YES;
				CLANG_WARN_INT_CONVERSION = YES;
				CLANG_WARN_OBJC_ROOT_CLASS = YES_ERROR;
				CLANG_WARN_UNREACHABLE_CODE = YES;
				CLANG_WARN__DUPLICATE_METHOD_MATCH = YES;
				"CODE_SIGN_IDENTITY[sdk=iphoneos*]" = "iPhone Developer";
				COPY_PHASE_STRIP = NO;
				DEBUG_INFORMATION_FORMAT = dwarf;
				ENABLE_STRICT_OBJC_MSGSEND = YES;
				ENABLE_TESTABILITY = YES;
				GCC_C_LANGUAGE_STANDARD = gnu99;
				GCC_DYNAMIC_NO_PIC = NO;
				GCC_NO_COMMON_BLOCKS = YES;
				GCC_OPTIMIZATION_LEVEL = 0;
				GCC_PREPROCESSOR_DEFINITIONS = (
					"DEBUG=1",
					"$(inherited)",
				);
				GCC_WARN_64_TO_32_BIT_CONVERSION = YES;
				GCC_WARN_ABOUT_RETURN_TYPE = YES_ERROR;
				GCC_WARN_UNDECLARED_SELECTOR = YES;
				GCC_WARN_UNINITIALIZED_AUTOS = YES_AGGRESSIVE;
				GCC_WARN_UNUSED_FUNCTION = YES;
				GCC_WARN_UNUSED_VARIABLE = YES;
				IPHONEOS_DEPLOYMENT_TARGET = 9.0;
				MTL_ENABLE_DEBUG_INFO = YES;
				ONLY_ACTIVE_ARCH = YES;
				SDKROOT = iphoneos;
				SWIFT_OPTIMIZATION_LEVEL = "-Onone";
			};
			name = Debug;
		};
		04DC9E8B1C151771008C3BCF /* Release */ = {
			isa = XCBuildConfiguration;
			buildSettings = {
				ALWAYS_SEARCH_USER_PATHS = NO;
				CLANG_CXX_LANGUAGE_STANDARD = "gnu++0x";
				CLANG_CXX_LIBRARY = "libc++";
				CLANG_ENABLE_MODULES = YES;
				CLANG_ENABLE_OBJC_ARC = YES;
				CLANG_WARN_BOOL_CONVERSION = YES;
				CLANG_WARN_CONSTANT_CONVERSION = YES;
				CLANG_WARN_DIRECT_OBJC_ISA_USAGE = YES_ERROR;
				CLANG_WARN_EMPTY_BODY = YES;
				CLANG_WARN_ENUM_CONVERSION = YES;
				CLANG_WARN_INT_CONVERSION = YES;
				CLANG_WARN_OBJC_ROOT_CLASS = YES_ERROR;
				CLANG_WARN_UNREACHABLE_CODE = YES;
				CLANG_WARN__DUPLICATE_METHOD_MATCH = YES;
				"CODE_SIGN_IDENTITY[sdk=iphoneos*]" = "iPhone Developer";
				COPY_PHASE_STRIP = NO;
				DEBUG_INFORMATION_FORMAT = "dwarf-with-dsym";
				ENABLE_NS_ASSERTIONS = NO;
				ENABLE_STRICT_OBJC_MSGSEND = YES;
				GCC_C_LANGUAGE_STANDARD = gnu99;
				GCC_NO_COMMON_BLOCKS = YES;
				GCC_WARN_64_TO_32_BIT_CONVERSION = YES;
				GCC_WARN_ABOUT_RETURN_TYPE = YES_ERROR;
				GCC_WARN_UNDECLARED_SELECTOR = YES;
				GCC_WARN_UNINITIALIZED_AUTOS = YES_AGGRESSIVE;
				GCC_WARN_UNUSED_FUNCTION = YES;
				GCC_WARN_UNUSED_VARIABLE = YES;
				IPHONEOS_DEPLOYMENT_TARGET = 9.0;
				MTL_ENABLE_DEBUG_INFO = NO;
				SDKROOT = iphoneos;
				VALIDATE_PRODUCT = YES;
			};
			name = Release;
		};
		04DC9E8D1C151771008C3BCF /* Debug */ = {
			isa = XCBuildConfiguration;
			buildSettings = {
				ASSETCATALOG_COMPILER_APPICON_NAME = AppIcon;
				INFOPLIST_FILE = WordSearch/Info.plist;
				LD_RUNPATH_SEARCH_PATHS = "$(inherited) @executable_path/Frameworks";
				PRODUCT_BUNDLE_IDENTIFIER = "iOS-DeCal.WordSearch";
				PRODUCT_NAME = "$(TARGET_NAME)";
			};
			name = Debug;
		};
		04DC9E8E1C151771008C3BCF /* Release */ = {
			isa = XCBuildConfiguration;
			buildSettings = {
				ASSETCATALOG_COMPILER_APPICON_NAME = AppIcon;
				INFOPLIST_FILE = WordSearch/Info.plist;
				LD_RUNPATH_SEARCH_PATHS = "$(inherited) @executable_path/Frameworks";
				PRODUCT_BUNDLE_IDENTIFIER = "iOS-DeCal.WordSearch";
				PRODUCT_NAME = "$(TARGET_NAME)";
			};
			name = Release;
		};
/* End XCBuildConfiguration section */

/* Begin XCConfigurationList section */
		04DC9E751C151771008C3BCF /* Build configuration list for PBXProject "WordSearch" */ = {
			isa = XCConfigurationList;
			buildConfigurations = (
				04DC9E8A1C151771008C3BCF /* Debug */,
				04DC9E8B1C151771008C3BCF /* Release */,
			);
			defaultConfigurationIsVisible = 0;
			defaultConfigurationName = Release;
		};
		04DC9E8C1C151771008C3BCF /* Build configuration list for PBXNativeTarget "WordSearch" */ = {
			isa = XCConfigurationList;
			buildConfigurations = (
				04DC9E8D1C151771008C3BCF /* Debug */,
				04DC9E8E1C151771008C3BCF /* Release */,
			);
			defaultConfigurationIsVisible = 0;
			defaultConfigurationName = Release;
		};
/* End XCConfigurationList section */
	};
	rootObject = 04DC9E721C151771008C3BCF /* Project object */;
}
